// !$*UTF8*$!
{
	archiveVersion = 1;
	classes = {
	};
	objectVersion = 46;
	objects = {

/* Begin PBXBuildFile section */
		85B73E011EE13BEB0050B290 /* main.m in Sources */ = {isa = PBXBuildFile; fileRef = 85B73E001EE13BEB0050B290 /* main.m */; };
		85B73E041EE13BEB0050B290 /* AppDelegate.m in Sources */ = {isa = PBXBuildFile; fileRef = 85B73E031EE13BEB0050B290 /* AppDelegate.m */; };
		85B73E071EE13BEB0050B290 /* ViewController.m in Sources */ = {isa = PBXBuildFile; fileRef = 85B73E061EE13BEB0050B290 /* ViewController.m */; };
		85B73E0A1EE13BEB0050B290 /* Main.storyboard in Resources */ = {isa = PBXBuildFile; fileRef = 85B73E081EE13BEB0050B290 /* Main.storyboard */; };
		85B73E0D1EE13BEC0050B290 /* PIckerDemo.xcdatamodeld in Sources */ = {isa = PBXBuildFile; fileRef = 85B73E0B1EE13BEC0050B290 /* PIckerDemo.xcdatamodeld */; };
		85B73E0F1EE13BEC0050B290 /* Assets.xcassets in Resources */ = {isa = PBXBuildFile; fileRef = 85B73E0E1EE13BEC0050B290 /* Assets.xcassets */; };
		85B73E121EE13BEC0050B290 /* LaunchScreen.storyboard in Resources */ = {isa = PBXBuildFile; fileRef = 85B73E101EE13BEC0050B290 /* LaunchScreen.storyboard */; };
		85B73E1E1EE13DA20050B290 /* PickerView.m in Sources */ = {isa = PBXBuildFile; fileRef = 85B73E1D1EE13DA20050B290 /* PickerView.m */; };
		85B73E331EE1728F0050B290 /* YRTextField.m in Sources */ = {isa = PBXBuildFile; fileRef = 85B73E321EE1728F0050B290 /* YRTextField.m */; };
		85B73E361EE172A30050B290 /* RzTextField.m in Sources */ = {isa = PBXBuildFile; fileRef = 85B73E351EE172A30050B290 /* RzTextField.m */; };
/* End PBXBuildFile section */

/* Begin PBXFileReference section */
		85B73DFC1EE13BEB0050B290 /* PIckerDemo.app */ = {isa = PBXFileReference; explicitFileType = wrapper.application; includeInIndex = 0; path = PIckerDemo.app; sourceTree = BUILT_PRODUCTS_DIR; };
		85B73E001EE13BEB0050B290 /* main.m */ = {isa = PBXFileReference; lastKnownFileType = sourcecode.c.objc; path = main.m; sourceTree = "<group>"; };
		85B73E021EE13BEB0050B290 /* AppDelegate.h */ = {isa = PBXFileReference; lastKnownFileType = sourcecode.c.h; path = AppDelegate.h; sourceTree = "<group>"; };
		85B73E031EE13BEB0050B290 /* AppDelegate.m */ = {isa = PBXFileReference; lastKnownFileType = sourcecode.c.objc; path = AppDelegate.m; sourceTree = "<group>"; };
		85B73E051EE13BEB0050B290 /* ViewController.h */ = {isa = PBXFileReference; lastKnownFileType = sourcecode.c.h; path = ViewController.h; sourceTree = "<group>"; };
		85B73E061EE13BEB0050B290 /* ViewController.m */ = {isa = PBXFileReference; lastKnownFileType = sourcecode.c.objc; path = ViewController.m; sourceTree = "<group>"; };
		85B73E091EE13BEB0050B290 /* Base */ = {isa = PBXFileReference; lastKnownFileType = file.storyboard; name = Base; path = Base.lproj/Main.storyboard; sourceTree = "<group>"; };
		85B73E0C1EE13BEC0050B290 /* PIckerDemo.xcdatamodel */ = {isa = PBXFileReference; lastKnownFileType = wrapper.xcdatamodel; path = PIckerDemo.xcdatamodel; sourceTree = "<group>"; };
		85B73E0E1EE13BEC0050B290 /* Assets.xcassets */ = {isa = PBXFileReference; lastKnownFileType = folder.assetcatalog; path = Assets.xcassets; sourceTree = "<group>"; };
		85B73E111EE13BEC0050B290 /* Base */ = {isa = PBXFileReference; lastKnownFileType = file.storyboard; name = Base; path = Base.lproj/LaunchScreen.storyboard; sourceTree = "<group>"; };
		85B73E131EE13BEC0050B290 /* Info.plist */ = {isa = PBXFileReference; lastKnownFileType = text.plist.xml; path = Info.plist; sourceTree = "<group>"; };
		85B73E1C1EE13DA20050B290 /* PickerView.h */ = {isa = PBXFileReference; fileEncoding = 4; lastKnownFileType = sourcecode.c.h; path = PickerView.h; sourceTree = "<group>"; };
		85B73E1D1EE13DA20050B290 /* PickerView.m */ = {isa = PBXFileReference; fileEncoding = 4; lastKnownFileType = sourcecode.c.objc; path = PickerView.m; sourceTree = "<group>"; };
		85B73E311EE1728F0050B290 /* YRTextField.h */ = {isa = PBXFileReference; fileEncoding = 4; lastKnownFileType = sourcecode.c.h; path = YRTextField.h; sourceTree = "<group>"; };
		85B73E321EE1728F0050B290 /* YRTextField.m */ = {isa = PBXFileReference; fileEncoding = 4; lastKnownFileType = sourcecode.c.objc; path = YRTextField.m; sourceTree = "<group>"; };
		85B73E341EE172A30050B290 /* RzTextField.h */ = {isa = PBXFileReference; fileEncoding = 4; lastKnownFileType = sourcecode.c.h; path = RzTextField.h; sourceTree = "<group>"; };
		85B73E351EE172A30050B290 /* RzTextField.m */ = {isa = PBXFileReference; fileEncoding = 4; lastKnownFileType = sourcecode.c.objc; path = RzTextField.m; sourceTree = "<group>"; };
/* End PBXFileReference section */

/* Begin PBXFrameworksBuildPhase section */
		85B73DF91EE13BEA0050B290 /* Frameworks */ = {
			isa = PBXFrameworksBuildPhase;
			buildActionMask = 2147483647;
			files = (
			);
			runOnlyForDeploymentPostprocessing = 0;
		};
/* End PBXFrameworksBuildPhase section */

/* Begin PBXGroup section */
		85B73DF31EE13BEA0050B290 = {
			isa = PBXGroup;
			children = (
				85B73DFE1EE13BEB0050B290 /* PIckerDemo */,
				85B73DFD1EE13BEB0050B290 /* Products */,
			);
			sourceTree = "<group>";
		};
		85B73DFD1EE13BEB0050B290 /* Products */ = {
			isa = PBXGroup;
			children = (
				85B73DFC1EE13BEB0050B290 /* PIckerDemo.app */,
			);
			name = Products;
			sourceTree = "<group>";
		};
		85B73DFE1EE13BEB0050B290 /* PIckerDemo */ = {
			isa = PBXGroup;
			children = (
				85B73E341EE172A30050B290 /* RzTextField.h */,
				85B73E351EE172A30050B290 /* RzTextField.m */,
				85B73E311EE1728F0050B290 /* YRTextField.h */,
				85B73E321EE1728F0050B290 /* YRTextField.m */,
				85B73E021EE13BEB0050B290 /* AppDelegate.h */,
				85B73E031EE13BEB0050B290 /* AppDelegate.m */,
				85B73E051EE13BEB0050B290 /* ViewController.h */,
				85B73E061EE13BEB0050B290 /* ViewController.m */,
				85B73E081EE13BEB0050B290 /* Main.storyboard */,
				85B73E0E1EE13BEC0050B290 /* Assets.xcassets */,
				85B73E101EE13BEC0050B290 /* LaunchScreen.storyboard */,
				85B73E131EE13BEC0050B290 /* Info.plist */,
				85B73E0B1EE13BEC0050B290 /* PIckerDemo.xcdatamodeld */,
				85B73DFF1EE13BEB0050B290 /* Supporting Files */,
				85B73E1C1EE13DA20050B290 /* PickerView.h */,
				85B73E1D1EE13DA20050B290 /* PickerView.m */,
			);
			path = PIckerDemo;
			sourceTree = "<group>";
		};
		85B73DFF1EE13BEB0050B290 /* Supporting Files */ = {
			isa = PBXGroup;
			children = (
				85B73E001EE13BEB0050B290 /* main.m */,
			);
			name = "Supporting Files";
			sourceTree = "<group>";
		};
/* End PBXGroup section */

/* Begin PBXNativeTarget section */
		85B73DFB1EE13BEA0050B290 /* PIckerDemo */ = {
			isa = PBXNativeTarget;
			buildConfigurationList = 85B73E161EE13BEC0050B290 /* Build configuration list for PBXNativeTarget "PIckerDemo" */;
			buildPhases = (
				85B73DF81EE13BEA0050B290 /* Sources */,
				85B73DF91EE13BEA0050B290 /* Frameworks */,
				85B73DFA1EE13BEA0050B290 /* Resources */,
			);
			buildRules = (
			);
			dependencies = (
			);
			name = PIckerDemo;
			productName = PIckerDemo;
			productReference = 85B73DFC1EE13BEB0050B290 /* PIckerDemo.app */;
			productType = "com.apple.product-type.application";
		};
/* End PBXNativeTarget section */

/* Begin PBXProject section */
		85B73DF41EE13BEA0050B290 /* Project object */ = {
			isa = PBXProject;
			attributes = {
				LastUpgradeCheck = 0830;
				ORGANIZATIONNAME = Devtechnosys;
				TargetAttributes = {
					85B73DFB1EE13BEA0050B290 = {
						CreatedOnToolsVersion = 8.3.2;
						ProvisioningStyle = Automatic;
					};
				};
			};
			buildConfigurationList = 85B73DF71EE13BEA0050B290 /* Build configuration list for PBXProject "PIckerDemo" */;
			compatibilityVersion = "Xcode 3.2";
			developmentRegion = English;
			hasScannedForEncodings = 0;
			knownRegions = (
				en,
				Base,
			);
			mainGroup = 85B73DF31EE13BEA0050B290;
			productRefGroup = 85B73DFD1EE13BEB0050B290 /* Products */;
			projectDirPath = "";
			projectRoot = "";
			targets = (
				85B73DFB1EE13BEA0050B290 /* PIckerDemo */,
			);
		};
/* End PBXProject section */

/* Begin PBXResourcesBuildPhase section */
		85B73DFA1EE13BEA0050B290 /* Resources */ = {
			isa = PBXResourcesBuildPhase;
			buildActionMask = 2147483647;
			files = (
				85B73E121EE13BEC0050B290 /* LaunchScreen.storyboard in Resources */,
				85B73E0F1EE13BEC0050B290 /* Assets.xcassets in Resources */,
				85B73E0A1EE13BEB0050B290 /* Main.storyboard in Resources */,
			);
			runOnlyForDeploymentPostprocessing = 0;
		};
/* End PBXResourcesBuildPhase section */

/* Begin PBXSourcesBuildPhase section */
		85B73DF81EE13BEA0050B290 /* Sources */ = {
			isa = PBXSourcesBuildPhase;
			buildActionMask = 2147483647;
			files = (
				85B73E361EE172A30050B290 /* RzTextField.m in Sources */,
				85B73E331EE1728F0050B290 /* YRTextField.m in Sources */,
				85B73E071EE13BEB0050B290 /* ViewController.m in Sources */,
				85B73E041EE13BEB0050B290 /* AppDelegate.m in Sources */,
				85B73E0D1EE13BEC0050B290 /* PIckerDemo.xcdatamodeld in Sources */,
				85B73E011EE13BEB0050B290 /* main.m in Sources */,
				85B73E1E1EE13DA20050B290 /* PickerView.m in Sources */,
			);
			runOnlyForDeploymentPostprocessing = 0;
		};
/* End PBXSourcesBuildPhase section */

/* Begin PBXVariantGroup section */
		85B73E081EE13BEB0050B290 /* Main.storyboard */ = {
			isa = PBXVariantGroup;
			children = (
				85B73E091EE13BEB0050B290 /* Base */,
			);
			name = Main.storyboard;
			sourceTree = "<group>";
		};
		85B73E101EE13BEC0050B290 /* LaunchScreen.storyboard */ = {
			isa = PBXVariantGroup;
			children = (
				85B73E111EE13BEC0050B290 /* Base */,
			);
			name = LaunchScreen.storyboard;
			sourceTree = "<group>";
		};
/* End PBXVariantGroup section */

/* Begin XCBuildConfiguration section */
		85B73E141EE13BEC0050B290 /* Debug */ = {
			isa = XCBuildConfiguration;
			buildSettings = {
				ALWAYS_SEARCH_USER_PATHS = NO;
				CLANG_ANALYZER_NONNULL = YES;
				CLANG_ANALYZER_NUMBER_OBJECT_CONVERSION = YES_AGGRESSIVE;
				CLANG_CXX_LANGUAGE_STANDARD = "gnu++0x";
				CLANG_CXX_LIBRARY = "libc++";
				CLANG_ENABLE_MODULES = YES;
				CLANG_ENABLE_OBJC_ARC = YES;
				CLANG_WARN_BOOL_CONVERSION = YES;
				CLANG_WARN_CONSTANT_CONVERSION = YES;
				CLANG_WARN_DIRECT_OBJC_ISA_USAGE = YES_ERROR;
				CLANG_WARN_DOCUMENTATION_COMMENTS = YES;
				CLANG_WARN_EMPTY_BODY = YES;
				CLANG_WARN_ENUM_CONVERSION = YES;
				CLANG_WARN_INFINITE_RECURSION = YES;
				CLANG_WARN_INT_CONVERSION = YES;
				CLANG_WARN_OBJC_ROOT_CLASS = YES_ERROR;
				CLANG_WARN_SUSPICIOUS_MOVE = YES;
				CLANG_WARN_UNREACHABLE_CODE = YES;
				CLANG_WARN__DUPLICATE_METHOD_MATCH = YES;
				"CODE_SIGN_IDENTITY[sdk=iphoneos*]" = "iPhone Developer";
				COPY_PHASE_STRIP = NO;
				DEBUG_INFORMATION_FORMAT = dwarf;
				ENABLE_STRICT_OBJC_MSGSEND = YES;
				ENABLE_TESTABILITY = YES;
				GCC_C_LANGUAGE_STANDARD = gnu99;
				GCC_DYNAMIC_NO_PIC = NO;
				GCC_NO_COMMON_BLOCKS = YES;
				GCC_OPTIMIZATION_LEVEL = 0;
				GCC_PREPROCESSOR_DEFINITIONS = (
					"DEBUG=1",
					"$(inherited)",
				);
				GCC_WARN_64_TO_32_BIT_CONVERSION = YES;
				GCC_WARN_ABOUT_RETURN_TYPE = YES_ERROR;
				GCC_WARN_UNDECLARED_SELECTOR = YES;
				GCC_WARN_UNINITIALIZED_AUTOS = YES_AGGRESSIVE;
				GCC_WARN_UNUSED_FUNCTION = YES;
				GCC_WARN_UNUSED_VARIABLE = YES;
				IPHONEOS_DEPLOYMENT_TARGET = 10.3;
				MTL_ENABLE_DEBUG_INFO = YES;
				ONLY_ACTIVE_ARCH = YES;
				SDKROOT = iphoneos;
			};
			name = Debug;
		};
		85B73E151EE13BEC0050B290 /* Release */ = {
			isa = XCBuildConfiguration;
			buildSettings = {
				ALWAYS_SEARCH_USER_PATHS = NO;
				CLANG_ANALYZER_NONNULL = YES;
				CLANG_ANALYZER_NUMBER_OBJECT_CONVERSION = YES_AGGRESSIVE;
				CLANG_CXX_LANGUAGE_STANDARD = "gnu++0x";
				CLANG_CXX_LIBRARY = "libc++";
				CLANG_ENABLE_MODULES = YES;
				CLANG_ENABLE_OBJC_ARC = YES;
				CLANG_WARN_BOOL_CONVERSION = YES;
				CLANG_WARN_CONSTANT_CONVERSION = YES;
				CLANG_WARN_DIRECT_OBJC_ISA_USAGE = YES_ERROR;
				CLANG_WARN_DOCUMENTATION_COMMENTS = YES;
				CLANG_WARN_EMPTY_BODY = YES;
				CLANG_WARN_ENUM_CONVERSION = YES;
				CLANG_WARN_INFINITE_RECURSION = YES;
				CLANG_WARN_INT_CONVERSION = YES;
				CLANG_WARN_OBJC_ROOT_CLASS = YES_ERROR;
				CLANG_WARN_SUSPICIOUS_MOVE = YES;
				CLANG_WARN_UNREACHABLE_CODE = YES;
				CLANG_WARN__DUPLICATE_METHOD_MATCH = YES;
				"CODE_SIGN_IDENTITY[sdk=iphoneos*]" = "iPhone Developer";
				COPY_PHASE_STRIP = NO;
				DEBUG_INFORMATION_FORMAT = "dwarf-with-dsym";
				ENABLE_NS_ASSERTIONS = NO;
				ENABLE_STRICT_OBJC_MSGSEND = YES;
				GCC_C_LANGUAGE_STANDARD = gnu99;
				GCC_NO_COMMON_BLOCKS = YES;
				GCC_WARN_64_TO_32_BIT_CONVERSION = YES;
				GCC_WARN_ABOUT_RETURN_TYPE = YES_ERROR;
				GCC_WARN_UNDECLARED_SELECTOR = YES;
				GCC_WARN_UNINITIALIZED_AUTOS = YES_AGGRESSIVE;
				GCC_WARN_UNUSED_FUNCTION = YES;
				GCC_WARN_UNUSED_VARIABLE = YES;
				IPHONEOS_DEPLOYMENT_TARGET = 10.3;
				MTL_ENABLE_DEBUG_INFO = NO;
				SDKROOT = iphoneos;
				VALIDATE_PRODUCT = YES;
			};
			name = Release;
		};
		85B73E171EE13BEC0050B290 /* Debug */ = {
			isa = XCBuildConfiguration;
			buildSettings = {
				ASSETCATALOG_COMPILER_APPICON_NAME = AppIcon;
				INFOPLIST_FILE = PIckerDemo/Info.plist;
				LD_RUNPATH_SEARCH_PATHS = "$(inherited) @executable_path/Frameworks";
				PRODUCT_BUNDLE_IDENTIFIER = com.PIckerDemo;
				PRODUCT_NAME = "$(TARGET_NAME)";
			};
			name = Debug;
		};
		85B73E181EE13BEC0050B290 /* Release */ = {
			isa = XCBuildConfiguration;
			buildSettings = {
				ASSETCATALOG_COMPILER_APPICON_NAME = AppIcon;
				INFOPLIST_FILE = PIckerDemo/Info.plist;
				LD_RUNPATH_SEARCH_PATHS = "$(inherited) @executable_path/Frameworks";
				PRODUCT_BUNDLE_IDENTIFIER = com.PIckerDemo;
				PRODUCT_NAME = "$(TARGET_NAME)";
			};
			name = Release;
		};
/* End XCBuildConfiguration section */

/* Begin XCConfigurationList section */
		85B73DF71EE13BEA0050B290 /* Build configuration list for PBXProject "PIckerDemo" */ = {
			isa = XCConfigurationList;
			buildConfigurations = (
				85B73E141EE13BEC0050B290 /* Debug */,
				85B73E151EE13BEC0050B290 /* Release */,
			);
			defaultConfigurationIsVisible = 0;
			defaultConfigurationName = Release;
		};
		85B73E161EE13BEC0050B290 /* Build configuration list for PBXNativeTarget "PIckerDemo" */ = {
			isa = XCConfigurationList;
			buildConfigurations = (
				85B73E171EE13BEC0050B290 /* Debug */,
				85B73E181EE13BEC0050B290 /* Release */,
			);
			defaultConfigurationIsVisible = 0;
		};
/* End XCConfigurationList section */

/* Begin XCVersionGroup section */
		85B73E0B1EE13BEC0050B290 /* PIckerDemo.xcdatamodeld */ = {
			isa = XCVersionGroup;
			children = (
				85B73E0C1EE13BEC0050B290 /* PIckerDemo.xcdatamodel */,
			);
			currentVersion = 85B73E0C1EE13BEC0050B290 /* PIckerDemo.xcdatamodel */;
			path = PIckerDemo.xcdatamodeld;
			sourceTree = "<group>";
			versionGroupType = wrapper.xcdatamodel;
		};
/* End XCVersionGroup section */
	};
	rootObject = 85B73DF41EE13BEA0050B290 /* Project object */;
}
